
Microsoft Visual Studio Solution File, Format Version 12.00
# Visual Studio Version 17
VisualStudioVersion = 17.10.35013.160
MinimumVisualStudioVersion = 10.0.40219.1
Project("{FAE04EC0-301F-11D3-BF4B-00C04F79EFBC}") = "Aps.Sample.App", "Aps.Sample.App\Aps.Sample.App.csproj", "{2B6F8F77-99F5-4EC2-9EF9-5E0404883F37}"
EndProject
Global
	GlobalSection(SolutionConfigurationPlatforms) = preSolution
		Debug|Any CPU = Debug|Any CPU
		Release|Any CPU = Release|Any CPU
	EndGlobalSection
	GlobalSection(ProjectConfigurationPlatforms) = postSolution
		{2B6F8F77-99F5-4EC2-9EF9-5E0404883F37}.Debug|Any CPU.ActiveCfg = Debug|Any CPU
		{2B6F8F77-99F5-4EC2-9EF9-5E0404883F37}.Debug|Any CPU.Build.0 = Debug|Any CPU
		{2B6F8F77-99F5-4EC2-9EF9-5E0404883F37}.Release|Any CPU.ActiveCfg = Release|Any CPU
		{2B6F8F77-99F5-4EC2-9EF9-5E0404883F37}.Release|Any CPU.Build.0 = Release|Any CPU
	EndGlobalSection
	GlobalSection(SolutionProperties) = preSolution
		HideSolutionNode = FALSE
	EndGlobalSection
	GlobalSection(ExtensibilityGlobals) = postSolution
		SolutionGuid = {ACBED5B0-2272-4FC5-977D-ECC4B7CAD5A0}
	EndGlobalSection
EndGlobal
